// !$*UTF8*$!
{
	archiveVersion = 1;
	classes = {
	};
	objectVersion = 60;
	objects = {

/* Begin PBXBuildFile section */
		047B3BC52BEEB626009DEC11 /* SkeletonView.swift in Sources */ = {isa = PBXBuildFile; fileRef = 047B3BC42BEEB626009DEC11 /* SkeletonView.swift */; };
		047B3BC72BEEBADD009DEC11 /* PageReadView.swift in Sources */ = {isa = PBXBuildFile; fileRef = 047B3BC62BEEBADD009DEC11 /* PageReadView.swift */; };
		047B3BC92BEEC1C0009DEC11 /* PageSelectView.swift in Sources */ = {isa = PBXBuildFile; fileRef = 047B3BC82BEEC1C0009DEC11 /* PageSelectView.swift */; };
		4C141A042BED275000412C60 /* MenuView.swift in Sources */ = {isa = PBXBuildFile; fileRef = 4C141A032BED275000412C60 /* MenuView.swift */; };
		4C3F9EA92C14874B00EA807C /* bti-prozorovsky.json in Resources */ = {isa = PBXBuildFile; fileRef = 4C3F9E992C14874B00EA807C /* bti-prozorovsky.json */; };
		4C3F9EAA2C14874B00EA807C /* syn-bondarenko-nopause.json in Resources */ = {isa = PBXBuildFile; fileRef = 4C3F9E9A2C14874B00EA807C /* syn-bondarenko-nopause.json */; };
		4C3F9EAB2C14874B00EA807C /* syn-bondarenko-pause.json in Resources */ = {isa = PBXBuildFile; fileRef = 4C3F9E9B2C14874B00EA807C /* syn-bondarenko-pause.json */; };
		4C3F9EAC2C14874B00EA807C /* syn-bondarenko.json in Resources */ = {isa = PBXBuildFile; fileRef = 4C3F9E9C2C14874B00EA807C /* syn-bondarenko.json */; };
		4C3F9EAF2C14874B00EA807C /* bti.json in Resources */ = {isa = PBXBuildFile; fileRef = 4C3F9EA32C14874B00EA807C /* bti.json */; };
		4C3F9EB02C14874B00EA807C /* kjv.json in Resources */ = {isa = PBXBuildFile; fileRef = 4C3F9EA42C14874B00EA807C /* kjv.json */; };
		4C3F9EB12C14874B00EA807C /* nrt.json in Resources */ = {isa = PBXBuildFile; fileRef = 4C3F9EA52C14874B00EA807C /* nrt.json */; };
		4C3F9EB22C14874B00EA807C /* syn.json in Resources */ = {isa = PBXBuildFile; fileRef = 4C3F9EA62C14874B00EA807C /* syn.json */; };
		4C3F9EB52C148DCD00EA807C /* advElements.swift in Sources */ = {isa = PBXBuildFile; fileRef = 4C3F9EB42C148DCD00EA807C /* advElements.swift */; };
		4C749DFD2C149EF800CF4234 /* advCornerRadius.swift in Sources */ = {isa = PBXBuildFile; fileRef = 4C749DFC2C149EF800CF4234 /* advCornerRadius.swift */; };
		4C749E012C14ABE700CF4234 /* typeBible.swift in Sources */ = {isa = PBXBuildFile; fileRef = 4C749E002C14ABE700CF4234 /* typeBible.swift */; };
		4C749E032C14ABFB00CF4234 /* modelBible.swift in Sources */ = {isa = PBXBuildFile; fileRef = 4C749E022C14ABFB00CF4234 /* modelBible.swift */; };
		4C749E052C14AC1500CF4234 /* advBible.swift in Sources */ = {isa = PBXBuildFile; fileRef = 4C749E042C14AC1500CF4234 /* advBible.swift */; };
		4C749E072C1A133800CF4234 /* advExtensions.swift in Sources */ = {isa = PBXBuildFile; fileRef = 4C749E062C1A133800CF4234 /* advExtensions.swift */; };
		4C749E092C1D804A00CF4234 /* PageSetupView.swift in Sources */ = {isa = PBXBuildFile; fileRef = 4C749E082C1D804A00CF4234 /* PageSetupView.swift */; };
		4C749E0B2C1E1FC000CF4234 /* PageContactsView.swift in Sources */ = {isa = PBXBuildFile; fileRef = 4C749E0A2C1E1FC000CF4234 /* PageContactsView.swift */; };
		4C749E0D2C1F690100CF4234 /* advSettings.swift in Sources */ = {isa = PBXBuildFile; fileRef = 4C749E0C2C1F690100CF4234 /* advSettings.swift */; };
		4C7691242BECEA1300C66FDC /* BiblePauseApp.swift in Sources */ = {isa = PBXBuildFile; fileRef = 4C7691232BECEA1300C66FDC /* BiblePauseApp.swift */; };
		4C7691262BECEA1300C66FDC /* PageMainView.swift in Sources */ = {isa = PBXBuildFile; fileRef = 4C7691252BECEA1300C66FDC /* PageMainView.swift */; };
		4C7691282BECEA1800C66FDC /* Assets.xcassets in Resources */ = {isa = PBXBuildFile; fileRef = 4C7691272BECEA1800C66FDC /* Assets.xcassets */; };
		4C76912B2BECEA1800C66FDC /* Preview Assets.xcassets in Resources */ = {isa = PBXBuildFile; fileRef = 4C76912A2BECEA1800C66FDC /* Preview Assets.xcassets */; };
		4C99F3742C023F4300879594 /* advAudioManager.swift in Sources */ = {isa = PBXBuildFile; fileRef = 4C99F3732C023F4300879594 /* advAudioManager.swift */; };
		4C99F3762C023FD400879594 /* advUtility.swift in Sources */ = {isa = PBXBuildFile; fileRef = 4C99F3752C023FD400879594 /* advUtility.swift */; };
		4C99F3782C02660C00879594 /* advExcerpt.swift in Sources */ = {isa = PBXBuildFile; fileRef = 4C99F3772C02660C00879594 /* advExcerpt.swift */; };
		4C99F37A2C0266C900879594 /* advGlobals.swift in Sources */ = {isa = PBXBuildFile; fileRef = 4C99F3792C0266C900879594 /* advGlobals.swift */; };
		4CFC921F2C5EA903005AFAA5 /* OpenAPIClient in Frameworks */ = {isa = PBXBuildFile; productRef = 4CFC921E2C5EA903005AFAA5 /* OpenAPIClient */; };
/* End PBXBuildFile section */

/* Begin PBXFileReference section */
		047B3BC42BEEB626009DEC11 /* SkeletonView.swift */ = {isa = PBXFileReference; lastKnownFileType = sourcecode.swift; path = SkeletonView.swift; sourceTree = "<group>"; };
		047B3BC62BEEBADD009DEC11 /* PageReadView.swift */ = {isa = PBXFileReference; lastKnownFileType = sourcecode.swift; path = PageReadView.swift; sourceTree = "<group>"; };
		047B3BC82BEEC1C0009DEC11 /* PageSelectView.swift */ = {isa = PBXFileReference; lastKnownFileType = sourcecode.swift; path = PageSelectView.swift; sourceTree = "<group>"; };
		4C141A032BED275000412C60 /* MenuView.swift */ = {isa = PBXFileReference; lastKnownFileType = sourcecode.swift; path = MenuView.swift; sourceTree = "<group>"; };
		4C3F9E992C14874B00EA807C /* bti-prozorovsky.json */ = {isa = PBXFileReference; fileEncoding = 4; lastKnownFileType = text.json; path = "bti-prozorovsky.json"; sourceTree = "<group>"; };
		4C3F9E9A2C14874B00EA807C /* syn-bondarenko-nopause.json */ = {isa = PBXFileReference; fileEncoding = 4; lastKnownFileType = text.json; path = "syn-bondarenko-nopause.json"; sourceTree = "<group>"; };
		4C3F9E9B2C14874B00EA807C /* syn-bondarenko-pause.json */ = {isa = PBXFileReference; fileEncoding = 4; lastKnownFileType = text.json; path = "syn-bondarenko-pause.json"; sourceTree = "<group>"; };
		4C3F9E9C2C14874B00EA807C /* syn-bondarenko.json */ = {isa = PBXFileReference; fileEncoding = 4; lastKnownFileType = text.json; path = "syn-bondarenko.json"; sourceTree = "<group>"; };
		4C3F9EA32C14874B00EA807C /* bti.json */ = {isa = PBXFileReference; fileEncoding = 4; lastKnownFileType = text.json; path = bti.json; sourceTree = "<group>"; };
		4C3F9EA42C14874B00EA807C /* kjv.json */ = {isa = PBXFileReference; fileEncoding = 4; lastKnownFileType = text.json; path = kjv.json; sourceTree = "<group>"; };
		4C3F9EA52C14874B00EA807C /* nrt.json */ = {isa = PBXFileReference; fileEncoding = 4; lastKnownFileType = text.json; path = nrt.json; sourceTree = "<group>"; };
		4C3F9EA62C14874B00EA807C /* syn.json */ = {isa = PBXFileReference; fileEncoding = 4; lastKnownFileType = text.json; path = syn.json; sourceTree = "<group>"; };
		4C3F9EB42C148DCD00EA807C /* advElements.swift */ = {isa = PBXFileReference; lastKnownFileType = sourcecode.swift; path = advElements.swift; sourceTree = "<group>"; };
		4C749DFC2C149EF800CF4234 /* advCornerRadius.swift */ = {isa = PBXFileReference; lastKnownFileType = sourcecode.swift; path = advCornerRadius.swift; sourceTree = "<group>"; };
		4C749E002C14ABE700CF4234 /* typeBible.swift */ = {isa = PBXFileReference; lastKnownFileType = sourcecode.swift; path = typeBible.swift; sourceTree = "<group>"; };
		4C749E022C14ABFB00CF4234 /* modelBible.swift */ = {isa = PBXFileReference; lastKnownFileType = sourcecode.swift; path = modelBible.swift; sourceTree = "<group>"; };
		4C749E042C14AC1500CF4234 /* advBible.swift */ = {isa = PBXFileReference; lastKnownFileType = sourcecode.swift; path = advBible.swift; sourceTree = "<group>"; };
		4C749E062C1A133800CF4234 /* advExtensions.swift */ = {isa = PBXFileReference; lastKnownFileType = sourcecode.swift; path = advExtensions.swift; sourceTree = "<group>"; };
		4C749E082C1D804A00CF4234 /* PageSetupView.swift */ = {isa = PBXFileReference; lastKnownFileType = sourcecode.swift; path = PageSetupView.swift; sourceTree = "<group>"; };
		4C749E0A2C1E1FC000CF4234 /* PageContactsView.swift */ = {isa = PBXFileReference; lastKnownFileType = sourcecode.swift; path = PageContactsView.swift; sourceTree = "<group>"; };
		4C749E0C2C1F690100CF4234 /* advSettings.swift */ = {isa = PBXFileReference; lastKnownFileType = sourcecode.swift; path = advSettings.swift; sourceTree = "<group>"; };
		4C7691202BECEA1300C66FDC /* BiblePause.app */ = {isa = PBXFileReference; explicitFileType = wrapper.application; includeInIndex = 0; path = BiblePause.app; sourceTree = BUILT_PRODUCTS_DIR; };
		4C7691232BECEA1300C66FDC /* BiblePauseApp.swift */ = {isa = PBXFileReference; lastKnownFileType = sourcecode.swift; path = BiblePauseApp.swift; sourceTree = "<group>"; };
		4C7691252BECEA1300C66FDC /* PageMainView.swift */ = {isa = PBXFileReference; lastKnownFileType = sourcecode.swift; path = PageMainView.swift; sourceTree = "<group>"; };
		4C7691272BECEA1800C66FDC /* Assets.xcassets */ = {isa = PBXFileReference; lastKnownFileType = folder.assetcatalog; path = Assets.xcassets; sourceTree = "<group>"; };
		4C76912A2BECEA1800C66FDC /* Preview Assets.xcassets */ = {isa = PBXFileReference; lastKnownFileType = folder.assetcatalog; path = "Preview Assets.xcassets"; sourceTree = "<group>"; };
		4C99F3732C023F4300879594 /* advAudioManager.swift */ = {isa = PBXFileReference; lastKnownFileType = sourcecode.swift; path = advAudioManager.swift; sourceTree = "<group>"; };
		4C99F3752C023FD400879594 /* advUtility.swift */ = {isa = PBXFileReference; lastKnownFileType = sourcecode.swift; path = advUtility.swift; sourceTree = "<group>"; };
		4C99F3772C02660C00879594 /* advExcerpt.swift */ = {isa = PBXFileReference; lastKnownFileType = sourcecode.swift; path = advExcerpt.swift; sourceTree = "<group>"; };
		4C99F3792C0266C900879594 /* advGlobals.swift */ = {isa = PBXFileReference; lastKnownFileType = sourcecode.swift; path = advGlobals.swift; sourceTree = "<group>"; };
/* End PBXFileReference section */

/* Begin PBXFrameworksBuildPhase section */
		4C76911D2BECEA1300C66FDC /* Frameworks */ = {
			isa = PBXFrameworksBuildPhase;
			buildActionMask = 2147483647;
			files = (
				4CFC921F2C5EA903005AFAA5 /* OpenAPIClient in Frameworks */,
			);
			runOnlyForDeploymentPostprocessing = 0;
		};
/* End PBXFrameworksBuildPhase section */

/* Begin PBXGroup section */
		4C2C74BD2C147BAA005AA3A7 /* Resources */ = {
			isa = PBXGroup;
			children = (
				4C3F9EA82C14874B00EA807C /* Bible */,
			);
			name = Resources;
			path = "../../../cep-ios/cep/Resources";
			sourceTree = "<group>";
		};
		4C3F9E9D2C14874B00EA807C /* audio */ = {
			isa = PBXGroup;
			children = (
				4C3F9E992C14874B00EA807C /* bti-prozorovsky.json */,
				4C3F9E9A2C14874B00EA807C /* syn-bondarenko-nopause.json */,
				4C3F9E9B2C14874B00EA807C /* syn-bondarenko-pause.json */,
				4C3F9E9C2C14874B00EA807C /* syn-bondarenko.json */,
			);
			path = audio;
			sourceTree = "<group>";
		};
		4C3F9EA72C14874B00EA807C /* text */ = {
			isa = PBXGroup;
			children = (
				4C3F9EA32C14874B00EA807C /* bti.json */,
				4C3F9EA42C14874B00EA807C /* kjv.json */,
				4C3F9EA52C14874B00EA807C /* nrt.json */,
				4C3F9EA62C14874B00EA807C /* syn.json */,
			);
			path = text;
			sourceTree = "<group>";
		};
		4C3F9EA82C14874B00EA807C /* Bible */ = {
			isa = PBXGroup;
			children = (
				4C3F9E9D2C14874B00EA807C /* audio */,
				4C3F9EA72C14874B00EA807C /* text */,
			);
			name = Bible;
			path = BiblePause/Resources/Bible;
			sourceTree = SOURCE_ROOT;
		};
		4C3F9EB32C148DB200EA807C /* Adv */ = {
			isa = PBXGroup;
			children = (
				4C99F3792C0266C900879594 /* advGlobals.swift */,
				4C749DFC2C149EF800CF4234 /* advCornerRadius.swift */,
				4C3F9EB42C148DCD00EA807C /* advElements.swift */,
				4C99F3732C023F4300879594 /* advAudioManager.swift */,
				4C99F3752C023FD400879594 /* advUtility.swift */,
				4C749E062C1A133800CF4234 /* advExtensions.swift */,
				4C749E0C2C1F690100CF4234 /* advSettings.swift */,
			);
			path = Adv;
			sourceTree = "<group>";
		};
		4C3F9EB62C148EA200EA807C /* Pages */ = {
			isa = PBXGroup;
			children = (
				4C7691252BECEA1300C66FDC /* PageMainView.swift */,
				047B3BC62BEEBADD009DEC11 /* PageReadView.swift */,
				047B3BC82BEEC1C0009DEC11 /* PageSelectView.swift */,
				4C749E082C1D804A00CF4234 /* PageSetupView.swift */,
				4C749E0A2C1E1FC000CF4234 /* PageContactsView.swift */,
			);
			path = Pages;
			sourceTree = "<group>";
		};
		4C749DFE2C14ABC000CF4234 /* Models */ = {
			isa = PBXGroup;
			children = (
				4C749DFF2C14ABD100CF4234 /* Bible */,
			);
			path = Models;
			sourceTree = "<group>";
		};
		4C749DFF2C14ABD100CF4234 /* Bible */ = {
			isa = PBXGroup;
			children = (
				4C749E002C14ABE700CF4234 /* typeBible.swift */,
				4C749E022C14ABFB00CF4234 /* modelBible.swift */,
				4C749E042C14AC1500CF4234 /* advBible.swift */,
				4C99F3772C02660C00879594 /* advExcerpt.swift */,
			);
			path = Bible;
			sourceTree = "<group>";
		};
		4C7691172BECEA1300C66FDC = {
			isa = PBXGroup;
			children = (
				4C7691222BECEA1300C66FDC /* BiblePause */,
				4C7691212BECEA1300C66FDC /* Products */,
			);
			sourceTree = "<group>";
		};
		4C7691212BECEA1300C66FDC /* Products */ = {
			isa = PBXGroup;
			children = (
				4C7691202BECEA1300C66FDC /* BiblePause.app */,
			);
			name = Products;
			sourceTree = "<group>";
		};
		4C7691222BECEA1300C66FDC /* BiblePause */ = {
			isa = PBXGroup;
			children = (
				4C7691232BECEA1300C66FDC /* BiblePauseApp.swift */,
				047B3BC42BEEB626009DEC11 /* SkeletonView.swift */,
				4C141A032BED275000412C60 /* MenuView.swift */,
				4C3F9EB62C148EA200EA807C /* Pages */,
				4C3F9EB32C148DB200EA807C /* Adv */,
				4C749DFE2C14ABC000CF4234 /* Models */,
				4C7691272BECEA1800C66FDC /* Assets.xcassets */,
				4C7691292BECEA1800C66FDC /* Preview Content */,
				4C2C74BD2C147BAA005AA3A7 /* Resources */,
			);
			path = BiblePause;
			sourceTree = "<group>";
		};
		4C7691292BECEA1800C66FDC /* Preview Content */ = {
			isa = PBXGroup;
			children = (
				4C76912A2BECEA1800C66FDC /* Preview Assets.xcassets */,
			);
			path = "Preview Content";
			sourceTree = "<group>";
		};
/* End PBXGroup section */

/* Begin PBXNativeTarget section */
		4C76911F2BECEA1300C66FDC /* BiblePause */ = {
			isa = PBXNativeTarget;
			buildConfigurationList = 4C76912E2BECEA1800C66FDC /* Build configuration list for PBXNativeTarget "BiblePause" */;
			buildPhases = (
				4C76911C2BECEA1300C66FDC /* Sources */,
				4C76911D2BECEA1300C66FDC /* Frameworks */,
				4C76911E2BECEA1300C66FDC /* Resources */,
			);
			buildRules = (
			);
			dependencies = (
			);
			name = BiblePause;
			productName = BiblePause;
			productReference = 4C7691202BECEA1300C66FDC /* BiblePause.app */;
			productType = "com.apple.product-type.application";
		};
/* End PBXNativeTarget section */

/* Begin PBXProject section */
		4C7691182BECEA1300C66FDC /* Project object */ = {
			isa = PBXProject;
			attributes = {
				BuildIndependentTargetsInParallel = 1;
				LastSwiftUpdateCheck = 1530;
				LastUpgradeCheck = 1530;
				TargetAttributes = {
					4C76911F2BECEA1300C66FDC = {
						CreatedOnToolsVersion = 15.3;
					};
				};
			};
			buildConfigurationList = 4C76911B2BECEA1300C66FDC /* Build configuration list for PBXProject "BiblePause" */;
			compatibilityVersion = "Xcode 14.0";
			developmentRegion = en;
			hasScannedForEncodings = 0;
			knownRegions = (
				en,
				Base,
			);
			mainGroup = 4C7691172BECEA1300C66FDC;
			packageReferences = (
				4CFC921D2C5EA903005AFAA5 /* XCLocalSwiftPackageReference "../LibApi" */,
			);
			productRefGroup = 4C7691212BECEA1300C66FDC /* Products */;
			projectDirPath = "";
			projectRoot = "";
			targets = (
				4C76911F2BECEA1300C66FDC /* BiblePause */,
			);
		};
/* End PBXProject section */

/* Begin PBXResourcesBuildPhase section */
		4C76911E2BECEA1300C66FDC /* Resources */ = {
			isa = PBXResourcesBuildPhase;
			buildActionMask = 2147483647;
			files = (
				4C76912B2BECEA1800C66FDC /* Preview Assets.xcassets in Resources */,
				4C3F9EAA2C14874B00EA807C /* syn-bondarenko-nopause.json in Resources */,
				4C3F9EB22C14874B00EA807C /* syn.json in Resources */,
				4C3F9EAF2C14874B00EA807C /* bti.json in Resources */,
				4C3F9EB02C14874B00EA807C /* kjv.json in Resources */,
				4C3F9EA92C14874B00EA807C /* bti-prozorovsky.json in Resources */,
				4C3F9EAC2C14874B00EA807C /* syn-bondarenko.json in Resources */,
				4C3F9EB12C14874B00EA807C /* nrt.json in Resources */,
				4C7691282BECEA1800C66FDC /* Assets.xcassets in Resources */,
				4C3F9EAB2C14874B00EA807C /* syn-bondarenko-pause.json in Resources */,
			);
			runOnlyForDeploymentPostprocessing = 0;
		};
/* End PBXResourcesBuildPhase section */

/* Begin PBXSourcesBuildPhase section */
		4C76911C2BECEA1300C66FDC /* Sources */ = {
			isa = PBXSourcesBuildPhase;
			buildActionMask = 2147483647;
			files = (
				4C7691262BECEA1300C66FDC /* PageMainView.swift in Sources */,
				047B3BC52BEEB626009DEC11 /* SkeletonView.swift in Sources */,
				4C749E0B2C1E1FC000CF4234 /* PageContactsView.swift in Sources */,
				4C99F37A2C0266C900879594 /* advGlobals.swift in Sources */,
				4C749E052C14AC1500CF4234 /* advBible.swift in Sources */,
				4C99F3762C023FD400879594 /* advUtility.swift in Sources */,
				4C99F3742C023F4300879594 /* advAudioManager.swift in Sources */,
				4C141A042BED275000412C60 /* MenuView.swift in Sources */,
				4C749E012C14ABE700CF4234 /* typeBible.swift in Sources */,
				4C99F3782C02660C00879594 /* advExcerpt.swift in Sources */,
				4C749E0D2C1F690100CF4234 /* advSettings.swift in Sources */,
				4C749E072C1A133800CF4234 /* advExtensions.swift in Sources */,
				4C749E092C1D804A00CF4234 /* PageSetupView.swift in Sources */,
				4C749E032C14ABFB00CF4234 /* modelBible.swift in Sources */,
				047B3BC92BEEC1C0009DEC11 /* PageSelectView.swift in Sources */,
				4C7691242BECEA1300C66FDC /* BiblePauseApp.swift in Sources */,
				4C3F9EB52C148DCD00EA807C /* advElements.swift in Sources */,
				4C749DFD2C149EF800CF4234 /* advCornerRadius.swift in Sources */,
				047B3BC72BEEBADD009DEC11 /* PageReadView.swift in Sources */,
			);
			runOnlyForDeploymentPostprocessing = 0;
		};
/* End PBXSourcesBuildPhase section */

/* Begin XCBuildConfiguration section */
		4C76912C2BECEA1800C66FDC /* Debug */ = {
			isa = XCBuildConfiguration;
			buildSettings = {
				ALWAYS_SEARCH_USER_PATHS = NO;
				ASSETCATALOG_COMPILER_GENERATE_SWIFT_ASSET_SYMBOL_EXTENSIONS = YES;
				CLANG_ANALYZER_NONNULL = YES;
				CLANG_ANALYZER_NUMBER_OBJECT_CONVERSION = YES_AGGRESSIVE;
				CLANG_CXX_LANGUAGE_STANDARD = "gnu++20";
				CLANG_ENABLE_MODULES = YES;
				CLANG_ENABLE_OBJC_ARC = YES;
				CLANG_ENABLE_OBJC_WEAK = YES;
				CLANG_WARN_BLOCK_CAPTURE_AUTORELEASING = YES;
				CLANG_WARN_BOOL_CONVERSION = YES;
				CLANG_WARN_COMMA = YES;
				CLANG_WARN_CONSTANT_CONVERSION = YES;
				CLANG_WARN_DEPRECATED_OBJC_IMPLEMENTATIONS = YES;
				CLANG_WARN_DIRECT_OBJC_ISA_USAGE = YES_ERROR;
				CLANG_WARN_DOCUMENTATION_COMMENTS = YES;
				CLANG_WARN_EMPTY_BODY = YES;
				CLANG_WARN_ENUM_CONVERSION = YES;
				CLANG_WARN_INFINITE_RECURSION = YES;
				CLANG_WARN_INT_CONVERSION = YES;
				CLANG_WARN_NON_LITERAL_NULL_CONVERSION = YES;
				CLANG_WARN_OBJC_IMPLICIT_RETAIN_SELF = YES;
				CLANG_WARN_OBJC_LITERAL_CONVERSION = YES;
				CLANG_WARN_OBJC_ROOT_CLASS = YES_ERROR;
				CLANG_WARN_QUOTED_INCLUDE_IN_FRAMEWORK_HEADER = YES;
				CLANG_WARN_RANGE_LOOP_ANALYSIS = YES;
				CLANG_WARN_STRICT_PROTOTYPES = YES;
				CLANG_WARN_SUSPICIOUS_MOVE = YES;
				CLANG_WARN_UNGUARDED_AVAILABILITY = YES_AGGRESSIVE;
				CLANG_WARN_UNREACHABLE_CODE = YES;
				CLANG_WARN__DUPLICATE_METHOD_MATCH = YES;
				COPY_PHASE_STRIP = NO;
				DEBUG_INFORMATION_FORMAT = dwarf;
				ENABLE_STRICT_OBJC_MSGSEND = YES;
				ENABLE_TESTABILITY = YES;
				ENABLE_USER_SCRIPT_SANDBOXING = YES;
				GCC_C_LANGUAGE_STANDARD = gnu17;
				GCC_DYNAMIC_NO_PIC = NO;
				GCC_NO_COMMON_BLOCKS = YES;
				GCC_OPTIMIZATION_LEVEL = 0;
				GCC_PREPROCESSOR_DEFINITIONS = (
					"DEBUG=1",
					"$(inherited)",
				);
				GCC_WARN_64_TO_32_BIT_CONVERSION = YES;
				GCC_WARN_ABOUT_RETURN_TYPE = YES_ERROR;
				GCC_WARN_UNDECLARED_SELECTOR = YES;
				GCC_WARN_UNINITIALIZED_AUTOS = YES_AGGRESSIVE;
				GCC_WARN_UNUSED_FUNCTION = YES;
				GCC_WARN_UNUSED_VARIABLE = YES;
				IPHONEOS_DEPLOYMENT_TARGET = 17.4;
				LOCALIZATION_PREFERS_STRING_CATALOGS = YES;
				MTL_ENABLE_DEBUG_INFO = INCLUDE_SOURCE;
				MTL_FAST_MATH = YES;
				ONLY_ACTIVE_ARCH = YES;
				SDKROOT = iphoneos;
				SWIFT_ACTIVE_COMPILATION_CONDITIONS = "DEBUG $(inherited)";
				SWIFT_OPTIMIZATION_LEVEL = "-Onone";
			};
			name = Debug;
		};
		4C76912D2BECEA1800C66FDC /* Release */ = {
			isa = XCBuildConfiguration;
			buildSettings = {
				ALWAYS_SEARCH_USER_PATHS = NO;
				ASSETCATALOG_COMPILER_GENERATE_SWIFT_ASSET_SYMBOL_EXTENSIONS = YES;
				CLANG_ANALYZER_NONNULL = YES;
				CLANG_ANALYZER_NUMBER_OBJECT_CONVERSION = YES_AGGRESSIVE;
				CLANG_CXX_LANGUAGE_STANDARD = "gnu++20";
				CLANG_ENABLE_MODULES = YES;
				CLANG_ENABLE_OBJC_ARC = YES;
				CLANG_ENABLE_OBJC_WEAK = YES;
				CLANG_WARN_BLOCK_CAPTURE_AUTORELEASING = YES;
				CLANG_WARN_BOOL_CONVERSION = YES;
				CLANG_WARN_COMMA = YES;
				CLANG_WARN_CONSTANT_CONVERSION = YES;
				CLANG_WARN_DEPRECATED_OBJC_IMPLEMENTATIONS = YES;
				CLANG_WARN_DIRECT_OBJC_ISA_USAGE = YES_ERROR;
				CLANG_WARN_DOCUMENTATION_COMMENTS = YES;
				CLANG_WARN_EMPTY_BODY = YES;
				CLANG_WARN_ENUM_CONVERSION = YES;
				CLANG_WARN_INFINITE_RECURSION = YES;
				CLANG_WARN_INT_CONVERSION = YES;
				CLANG_WARN_NON_LITERAL_NULL_CONVERSION = YES;
				CLANG_WARN_OBJC_IMPLICIT_RETAIN_SELF = YES;
				CLANG_WARN_OBJC_LITERAL_CONVERSION = YES;
				CLANG_WARN_OBJC_ROOT_CLASS = YES_ERROR;
				CLANG_WARN_QUOTED_INCLUDE_IN_FRAMEWORK_HEADER = YES;
				CLANG_WARN_RANGE_LOOP_ANALYSIS = YES;
				CLANG_WARN_STRICT_PROTOTYPES = YES;
				CLANG_WARN_SUSPICIOUS_MOVE = YES;
				CLANG_WARN_UNGUARDED_AVAILABILITY = YES_AGGRESSIVE;
				CLANG_WARN_UNREACHABLE_CODE = YES;
				CLANG_WARN__DUPLICATE_METHOD_MATCH = YES;
				COPY_PHASE_STRIP = NO;
				DEBUG_INFORMATION_FORMAT = "dwarf-with-dsym";
				ENABLE_NS_ASSERTIONS = NO;
				ENABLE_STRICT_OBJC_MSGSEND = YES;
				ENABLE_USER_SCRIPT_SANDBOXING = YES;
				GCC_C_LANGUAGE_STANDARD = gnu17;
				GCC_NO_COMMON_BLOCKS = YES;
				GCC_WARN_64_TO_32_BIT_CONVERSION = YES;
				GCC_WARN_ABOUT_RETURN_TYPE = YES_ERROR;
				GCC_WARN_UNDECLARED_SELECTOR = YES;
				GCC_WARN_UNINITIALIZED_AUTOS = YES_AGGRESSIVE;
				GCC_WARN_UNUSED_FUNCTION = YES;
				GCC_WARN_UNUSED_VARIABLE = YES;
				IPHONEOS_DEPLOYMENT_TARGET = 17.4;
				LOCALIZATION_PREFERS_STRING_CATALOGS = YES;
				MTL_ENABLE_DEBUG_INFO = NO;
				MTL_FAST_MATH = YES;
				SDKROOT = iphoneos;
				SWIFT_COMPILATION_MODE = wholemodule;
				VALIDATE_PRODUCT = YES;
			};
			name = Release;
		};
		4C76912F2BECEA1800C66FDC /* Debug */ = {
			isa = XCBuildConfiguration;
			buildSettings = {
				ASSETCATALOG_COMPILER_APPICON_NAME = AppIcon;
				ASSETCATALOG_COMPILER_GLOBAL_ACCENT_COLOR_NAME = AccentColor;
				CODE_SIGN_STYLE = Automatic;
				CURRENT_PROJECT_VERSION = 1;
				DEVELOPMENT_ASSET_PATHS = "\"BiblePause/Preview Content\"";
				DEVELOPMENT_TEAM = Y57NU6QCRQ;
				ENABLE_PREVIEWS = YES;
				GENERATE_INFOPLIST_FILE = YES;
				INFOPLIST_KEY_UIApplicationSceneManifest_Generation = YES;
				INFOPLIST_KEY_UIApplicationSupportsIndirectInputEvents = YES;
				INFOPLIST_KEY_UILaunchScreen_Generation = YES;
				INFOPLIST_KEY_UISupportedInterfaceOrientations_iPad = "UIInterfaceOrientationPortrait UIInterfaceOrientationPortraitUpsideDown UIInterfaceOrientationLandscapeLeft UIInterfaceOrientationLandscapeRight";
				INFOPLIST_KEY_UISupportedInterfaceOrientations_iPhone = "UIInterfaceOrientationPortrait UIInterfaceOrientationLandscapeLeft UIInterfaceOrientationLandscapeRight";
				LD_RUNPATH_SEARCH_PATHS = (
					"$(inherited)",
					"@executable_path/Frameworks",
				);
				MARKETING_VERSION = 1.0;
				PRODUCT_BUNDLE_IDENTIFIER = BiblePause;
				PRODUCT_NAME = "$(TARGET_NAME)";
				SWIFT_EMIT_LOC_STRINGS = YES;
				SWIFT_VERSION = 5.0;
				TARGETED_DEVICE_FAMILY = "1,2";
			};
			name = Debug;
		};
		4C7691302BECEA1800C66FDC /* Release */ = {
			isa = XCBuildConfiguration;
			buildSettings = {
				ASSETCATALOG_COMPILER_APPICON_NAME = AppIcon;
				ASSETCATALOG_COMPILER_GLOBAL_ACCENT_COLOR_NAME = AccentColor;
				CODE_SIGN_STYLE = Automatic;
				CURRENT_PROJECT_VERSION = 1;
				DEVELOPMENT_ASSET_PATHS = "\"BiblePause/Preview Content\"";
				DEVELOPMENT_TEAM = Y57NU6QCRQ;
				ENABLE_PREVIEWS = YES;
				GENERATE_INFOPLIST_FILE = YES;
				INFOPLIST_KEY_UIApplicationSceneManifest_Generation = YES;
				INFOPLIST_KEY_UIApplicationSupportsIndirectInputEvents = YES;
				INFOPLIST_KEY_UILaunchScreen_Generation = YES;
				INFOPLIST_KEY_UISupportedInterfaceOrientations_iPad = "UIInterfaceOrientationPortrait UIInterfaceOrientationPortraitUpsideDown UIInterfaceOrientationLandscapeLeft UIInterfaceOrientationLandscapeRight";
				INFOPLIST_KEY_UISupportedInterfaceOrientations_iPhone = "UIInterfaceOrientationPortrait UIInterfaceOrientationLandscapeLeft UIInterfaceOrientationLandscapeRight";
				LD_RUNPATH_SEARCH_PATHS = (
					"$(inherited)",
					"@executable_path/Frameworks",
				);
				MARKETING_VERSION = 1.0;
				PRODUCT_BUNDLE_IDENTIFIER = BiblePause;
				PRODUCT_NAME = "$(TARGET_NAME)";
				SWIFT_EMIT_LOC_STRINGS = YES;
				SWIFT_VERSION = 5.0;
				TARGETED_DEVICE_FAMILY = "1,2";
			};
			name = Release;
		};
/* End XCBuildConfiguration section */

/* Begin XCConfigurationList section */
		4C76911B2BECEA1300C66FDC /* Build configuration list for PBXProject "BiblePause" */ = {
			isa = XCConfigurationList;
			buildConfigurations = (
				4C76912C2BECEA1800C66FDC /* Debug */,
				4C76912D2BECEA1800C66FDC /* Release */,
			);
			defaultConfigurationIsVisible = 0;
			defaultConfigurationName = Release;
		};
		4C76912E2BECEA1800C66FDC /* Build configuration list for PBXNativeTarget "BiblePause" */ = {
			isa = XCConfigurationList;
			buildConfigurations = (
				4C76912F2BECEA1800C66FDC /* Debug */,
				4C7691302BECEA1800C66FDC /* Release */,
			);
			defaultConfigurationIsVisible = 0;
			defaultConfigurationName = Release;
		};
/* End XCConfigurationList section */

/* Begin XCLocalSwiftPackageReference section */
		4CFC921D2C5EA903005AFAA5 /* XCLocalSwiftPackageReference "../LibApi" */ = {
			isa = XCLocalSwiftPackageReference;
			relativePath = ../LibApi;
		};
/* End XCLocalSwiftPackageReference section */

/* Begin XCSwiftPackageProductDependency section */
		4CFC921E2C5EA903005AFAA5 /* OpenAPIClient */ = {
			isa = XCSwiftPackageProductDependency;
			productName = OpenAPIClient;
		};
/* End XCSwiftPackageProductDependency section */
	};
	rootObject = 4C7691182BECEA1300C66FDC /* Project object */;
}
