// !$*UTF8*$!
{
	archiveVersion = 1;
	classes = {
	};
	objectVersion = 56;
	objects = {

/* Begin PBXBuildFile section */
		0458F5472CCE0FE20016C65F /* LaunchScreen.storyboard in Resources */ = {isa = PBXBuildFile; fileRef = 0458F53C2CCE0AA20016C65F /* LaunchScreen.storyboard */; };
		046B5DBB2EF8970E00653FA8 /* MultilingualConfigSheet.swift in Sources */ = {isa = PBXBuildFile; fileRef = 046B5DB92EF8970E00653FA8 /* MultilingualConfigSheet.swift */; };
		046B5DBC2EF8970E00653FA8 /* PageMultilingualView.swift in Sources */ = {isa = PBXBuildFile; fileRef = 046B5DBA2EF8970E00653FA8 /* PageMultilingualView.swift */; };
		046B5DC02EF905AE00653FA8 /* MultilingualRead.swift in Sources */ = {isa = PBXBuildFile; fileRef = 046B5DBF2EF905AE00653FA8 /* MultilingualRead.swift */; };
		047B3BC52BEEB626009DEC11 /* SkeletonView.swift in Sources */ = {isa = PBXBuildFile; fileRef = 047B3BC42BEEB626009DEC11 /* SkeletonView.swift */; };
		047B3BC72BEEBADD009DEC11 /* PageReadView.swift in Sources */ = {isa = PBXBuildFile; fileRef = 047B3BC62BEEBADD009DEC11 /* PageReadView.swift */; };
		047B3BC92BEEC1C0009DEC11 /* PageSelectView.swift in Sources */ = {isa = PBXBuildFile; fileRef = 047B3BC82BEEC1C0009DEC11 /* PageSelectView.swift */; };
		0497A9652C6BFEA6008A5D7F /* FancyToastView.swift in Sources */ = {isa = PBXBuildFile; fileRef = 0497A95F2C6BFD4B008A5D7F /* FancyToastView.swift */; };
		0497A9662C6BFEA6008A5D7F /* FancyToastStyle.swift in Sources */ = {isa = PBXBuildFile; fileRef = 0497A9602C6BFD60008A5D7F /* FancyToastStyle.swift */; };
		0497A9672C6BFEA6008A5D7F /* FancyToastModifier.swift in Sources */ = {isa = PBXBuildFile; fileRef = 0497A9612C6BFD66008A5D7F /* FancyToastModifier.swift */; };
		04BC33092C95DE5E004D8E65 /* advHTMLTextView.swift in Sources */ = {isa = PBXBuildFile; fileRef = 04BC33082C95DE5E004D8E65 /* advHTMLTextView.swift */; };
		04BC330E2C95F3BB004D8E65 /* AppDelegate.swift in Sources */ = {isa = PBXBuildFile; fileRef = 04BC330D2C95F3B6004D8E65 /* AppDelegate.swift */; };
		04DB3CA72EC9F5D4004AF6BC /* LocalizationManager.swift in Sources */ = {isa = PBXBuildFile; fileRef = 04DB3CA62EC9F5D4004AF6BC /* LocalizationManager.swift */; };
		04DB3CB12EC9F70C004AF6BC /* Localizable.strings in Resources */ = {isa = PBXBuildFile; fileRef = 04DB3CAF2EC9F70C004AF6BC /* Localizable.strings */; };
		04DB3CB72EC9F71B004AF6BC /* Localizable.strings in Resources */ = {isa = PBXBuildFile; fileRef = 04DB3CB52EC9F71B004AF6BC /* Localizable.strings */; };
		04DB3CC72ECB9A60004AF6BC /* Localizable.strings in Resources */ = {isa = PBXBuildFile; fileRef = 04DB3CC52ECB9A60004AF6BC /* Localizable.strings */; };
		4C141A042BED275000412C60 /* MenuView.swift in Sources */ = {isa = PBXBuildFile; fileRef = 4C141A032BED275000412C60 /* MenuView.swift */; };
		4C3F9EB52C148DCD00EA807C /* advElements.swift in Sources */ = {isa = PBXBuildFile; fileRef = 4C3F9EB42C148DCD00EA807C /* advElements.swift */; };
		4C620B6F2E9B0091004BF2CB /* Configuration.plist in Resources */ = {isa = PBXBuildFile; fileRef = 4C620B6E2E9B0091004BF2CB /* Configuration.plist */; };
		4C620B732E9B00A3004BF2CB /* Configuration.plist.example in Resources */ = {isa = PBXBuildFile; fileRef = 4C620B722E9B00A3004BF2CB /* Configuration.plist.example */; };
		4C620B7E2E9B0123004BF2CB /* Config.swift in Sources */ = {isa = PBXBuildFile; fileRef = 4C620B7D2E9B0123004BF2CB /* Config.swift */; };
		4C749DFD2C149EF800CF4234 /* advCornerRadius.swift in Sources */ = {isa = PBXBuildFile; fileRef = 4C749DFC2C149EF800CF4234 /* advCornerRadius.swift */; };
		4C749E012C14ABE700CF4234 /* typeBible.swift in Sources */ = {isa = PBXBuildFile; fileRef = 4C749E002C14ABE700CF4234 /* typeBible.swift */; };
		4C749E052C14AC1500CF4234 /* advBible.swift in Sources */ = {isa = PBXBuildFile; fileRef = 4C749E042C14AC1500CF4234 /* advBible.swift */; };
		4C749E072C1A133800CF4234 /* advExtensions.swift in Sources */ = {isa = PBXBuildFile; fileRef = 4C749E062C1A133800CF4234 /* advExtensions.swift */; };
		4C749E092C1D804A00CF4234 /* PageSetupView.swift in Sources */ = {isa = PBXBuildFile; fileRef = 4C749E082C1D804A00CF4234 /* PageSetupView.swift */; };
		4C749E0B2C1E1FC000CF4234 /* PageContactsView.swift in Sources */ = {isa = PBXBuildFile; fileRef = 4C749E0A2C1E1FC000CF4234 /* PageContactsView.swift */; };
		4C749E0D2C1F690100CF4234 /* advSettings.swift in Sources */ = {isa = PBXBuildFile; fileRef = 4C749E0C2C1F690100CF4234 /* advSettings.swift */; };
		4C7691242BECEA1300C66FDC /* BiblePauseApp.swift in Sources */ = {isa = PBXBuildFile; fileRef = 4C7691232BECEA1300C66FDC /* BiblePauseApp.swift */; };
		4C7691262BECEA1300C66FDC /* PageMainView.swift in Sources */ = {isa = PBXBuildFile; fileRef = 4C7691252BECEA1300C66FDC /* PageMainView.swift */; };
		4C7691282BECEA1800C66FDC /* Assets.xcassets in Resources */ = {isa = PBXBuildFile; fileRef = 4C7691272BECEA1800C66FDC /* Assets.xcassets */; };
		4C76912B2BECEA1800C66FDC /* Preview Assets.xcassets in Resources */ = {isa = PBXBuildFile; fileRef = 4C76912A2BECEA1800C66FDC /* Preview Assets.xcassets */; };
		4C99F3742C023F4300879594 /* advAudioManager.swift in Sources */ = {isa = PBXBuildFile; fileRef = 4C99F3732C023F4300879594 /* advAudioManager.swift */; };
		4C99F3762C023FD400879594 /* advUtility.swift in Sources */ = {isa = PBXBuildFile; fileRef = 4C99F3752C023FD400879594 /* advUtility.swift */; };
		4C99F3782C02660C00879594 /* advExcerpt.swift in Sources */ = {isa = PBXBuildFile; fileRef = 4C99F3772C02660C00879594 /* advExcerpt.swift */; };
		4C99F37A2C0266C900879594 /* advGlobals.swift in Sources */ = {isa = PBXBuildFile; fileRef = 4C99F3792C0266C900879594 /* advGlobals.swift */; };
		4CA027002EA43D4E004A6FD1 /* PageProgressView.swift in Sources */ = {isa = PBXBuildFile; fileRef = 4CA026FF2EA43D4E004A6FD1 /* PageProgressView.swift */; };
		4CFC91F82C59AA7E005AFAA5 /* OpenAPIRuntime in Frameworks */ = {isa = PBXBuildFile; productRef = 4CFC91F72C59AA7E005AFAA5 /* OpenAPIRuntime */; };
		4CFC91FB2C59AAB1005AFAA5 /* OpenAPIURLSession in Frameworks */ = {isa = PBXBuildFile; productRef = 4CFC91FA2C59AAB1005AFAA5 /* OpenAPIURLSession */; };
		4CFC92002C59AB7B005AFAA5 /* openapi.yaml in Resources */ = {isa = PBXBuildFile; fileRef = 4CFC91FF2C59AB75005AFAA5 /* openapi.yaml */; };
		4CFC921B2C5E9ED0005AFAA5 /* openapi-generator-config.yml in Sources */ = {isa = PBXBuildFile; fileRef = 4CFC91FE2C59AB26005AFAA5 /* openapi-generator-config.yml */; };
/* End PBXBuildFile section */

/* Begin PBXFileReference section */
		0458F53C2CCE0AA20016C65F /* LaunchScreen.storyboard */ = {isa = PBXFileReference; lastKnownFileType = file.storyboard; path = LaunchScreen.storyboard; sourceTree = "<group>"; };
		0458F54B2CCE111F0016C65F /* Info.plist */ = {isa = PBXFileReference; lastKnownFileType = text.plist; path = Info.plist; sourceTree = "<group>"; };
		046B5DB92EF8970E00653FA8 /* MultilingualConfigSheet.swift */ = {isa = PBXFileReference; lastKnownFileType = sourcecode.swift; path = MultilingualConfigSheet.swift; sourceTree = "<group>"; };
		046B5DBA2EF8970E00653FA8 /* PageMultilingualView.swift */ = {isa = PBXFileReference; lastKnownFileType = sourcecode.swift; path = PageMultilingualView.swift; sourceTree = "<group>"; };
		046B5DBF2EF905AE00653FA8 /* MultilingualRead.swift */ = {isa = PBXFileReference; lastKnownFileType = sourcecode.swift; path = MultilingualRead.swift; sourceTree = "<group>"; };
		047B3BC42BEEB626009DEC11 /* SkeletonView.swift */ = {isa = PBXFileReference; lastKnownFileType = sourcecode.swift; path = SkeletonView.swift; sourceTree = "<group>"; };
		047B3BC62BEEBADD009DEC11 /* PageReadView.swift */ = {isa = PBXFileReference; lastKnownFileType = sourcecode.swift; path = PageReadView.swift; sourceTree = "<group>"; };
		047B3BC82BEEC1C0009DEC11 /* PageSelectView.swift */ = {isa = PBXFileReference; lastKnownFileType = sourcecode.swift; path = PageSelectView.swift; sourceTree = "<group>"; };
		0497A9592C6AC3EC008A5D7F /* .gitignore */ = {isa = PBXFileReference; lastKnownFileType = text; path = .gitignore; sourceTree = "<group>"; };
		0497A95F2C6BFD4B008A5D7F /* FancyToastView.swift */ = {isa = PBXFileReference; lastKnownFileType = sourcecode.swift; path = FancyToastView.swift; sourceTree = "<group>"; };
		0497A9602C6BFD60008A5D7F /* FancyToastStyle.swift */ = {isa = PBXFileReference; lastKnownFileType = sourcecode.swift; path = FancyToastStyle.swift; sourceTree = "<group>"; };
		0497A9612C6BFD66008A5D7F /* FancyToastModifier.swift */ = {isa = PBXFileReference; lastKnownFileType = sourcecode.swift; path = FancyToastModifier.swift; sourceTree = "<group>"; };
		04BC33082C95DE5E004D8E65 /* advHTMLTextView.swift */ = {isa = PBXFileReference; lastKnownFileType = sourcecode.swift; path = advHTMLTextView.swift; sourceTree = "<group>"; };
		04BC330D2C95F3B6004D8E65 /* AppDelegate.swift */ = {isa = PBXFileReference; lastKnownFileType = sourcecode.swift; path = AppDelegate.swift; sourceTree = "<group>"; };
		04DB3CA62EC9F5D4004AF6BC /* LocalizationManager.swift */ = {isa = PBXFileReference; lastKnownFileType = sourcecode.swift; path = LocalizationManager.swift; sourceTree = "<group>"; };
		04DB3CAE2EC9F70C004AF6BC /* en */ = {isa = PBXFileReference; lastKnownFileType = text.plist.strings; name = en; path = Localizable.strings; sourceTree = "<group>"; };
		04DB3CB42EC9F71B004AF6BC /* ru */ = {isa = PBXFileReference; lastKnownFileType = text.plist.strings; name = ru; path = Localizable.strings; sourceTree = "<group>"; };
		04DB3CC42ECB9A60004AF6BC /* uk */ = {isa = PBXFileReference; lastKnownFileType = text.plist.strings; name = uk; path = Localizable.strings; sourceTree = "<group>"; };
		4C141A032BED275000412C60 /* MenuView.swift */ = {isa = PBXFileReference; lastKnownFileType = sourcecode.swift; path = MenuView.swift; sourceTree = "<group>"; };
		4C3F9EB42C148DCD00EA807C /* advElements.swift */ = {isa = PBXFileReference; lastKnownFileType = sourcecode.swift; path = advElements.swift; sourceTree = "<group>"; };
		4C620B6E2E9B0091004BF2CB /* Configuration.plist */ = {isa = PBXFileReference; lastKnownFileType = text.plist.xml; path = Configuration.plist; sourceTree = "<group>"; };
		4C620B722E9B00A3004BF2CB /* Configuration.plist.example */ = {isa = PBXFileReference; lastKnownFileType = text.xml; path = Configuration.plist.example; sourceTree = "<group>"; };
		4C620B7D2E9B0123004BF2CB /* Config.swift */ = {isa = PBXFileReference; lastKnownFileType = sourcecode.swift; path = Config.swift; sourceTree = "<group>"; };
		4C749DFC2C149EF800CF4234 /* advCornerRadius.swift */ = {isa = PBXFileReference; lastKnownFileType = sourcecode.swift; path = advCornerRadius.swift; sourceTree = "<group>"; };
		4C749E002C14ABE700CF4234 /* typeBible.swift */ = {isa = PBXFileReference; lastKnownFileType = sourcecode.swift; path = typeBible.swift; sourceTree = "<group>"; };
		4C749E042C14AC1500CF4234 /* advBible.swift */ = {isa = PBXFileReference; lastKnownFileType = sourcecode.swift; path = advBible.swift; sourceTree = "<group>"; };
		4C749E062C1A133800CF4234 /* advExtensions.swift */ = {isa = PBXFileReference; lastKnownFileType = sourcecode.swift; path = advExtensions.swift; sourceTree = "<group>"; };
		4C749E082C1D804A00CF4234 /* PageSetupView.swift */ = {isa = PBXFileReference; lastKnownFileType = sourcecode.swift; path = PageSetupView.swift; sourceTree = "<group>"; };
		4C749E0A2C1E1FC000CF4234 /* PageContactsView.swift */ = {isa = PBXFileReference; lastKnownFileType = sourcecode.swift; path = PageContactsView.swift; sourceTree = "<group>"; };
		4C749E0C2C1F690100CF4234 /* advSettings.swift */ = {isa = PBXFileReference; lastKnownFileType = sourcecode.swift; path = advSettings.swift; sourceTree = "<group>"; };
		4C7691202BECEA1300C66FDC /* BiblePause.app */ = {isa = PBXFileReference; explicitFileType = wrapper.application; includeInIndex = 0; path = BiblePause.app; sourceTree = BUILT_PRODUCTS_DIR; };
		4C7691232BECEA1300C66FDC /* BiblePauseApp.swift */ = {isa = PBXFileReference; lastKnownFileType = sourcecode.swift; path = BiblePauseApp.swift; sourceTree = "<group>"; };
		4C7691252BECEA1300C66FDC /* PageMainView.swift */ = {isa = PBXFileReference; lastKnownFileType = sourcecode.swift; path = PageMainView.swift; sourceTree = "<group>"; };
		4C7691272BECEA1800C66FDC /* Assets.xcassets */ = {isa = PBXFileReference; lastKnownFileType = folder.assetcatalog; path = Assets.xcassets; sourceTree = "<group>"; };
		4C76912A2BECEA1800C66FDC /* Preview Assets.xcassets */ = {isa = PBXFileReference; lastKnownFileType = folder.assetcatalog; path = "Preview Assets.xcassets"; sourceTree = "<group>"; };
		4C99F3732C023F4300879594 /* advAudioManager.swift */ = {isa = PBXFileReference; lastKnownFileType = sourcecode.swift; path = advAudioManager.swift; sourceTree = "<group>"; };
		4C99F3752C023FD400879594 /* advUtility.swift */ = {isa = PBXFileReference; lastKnownFileType = sourcecode.swift; path = advUtility.swift; sourceTree = "<group>"; };
		4C99F3772C02660C00879594 /* advExcerpt.swift */ = {isa = PBXFileReference; lastKnownFileType = sourcecode.swift; path = advExcerpt.swift; sourceTree = "<group>"; };
		4C99F3792C0266C900879594 /* advGlobals.swift */ = {isa = PBXFileReference; lastKnownFileType = sourcecode.swift; path = advGlobals.swift; sourceTree = "<group>"; };
		4CA026FF2EA43D4E004A6FD1 /* PageProgressView.swift */ = {isa = PBXFileReference; lastKnownFileType = sourcecode.swift; path = PageProgressView.swift; sourceTree = "<group>"; };
		4CFC91F02C59A844005AFAA5 /* readme.md */ = {isa = PBXFileReference; lastKnownFileType = net.daringfireball.markdown; path = readme.md; sourceTree = "<group>"; };
		4CFC91FE2C59AB26005AFAA5 /* openapi-generator-config.yml */ = {isa = PBXFileReference; lastKnownFileType = text.yaml; path = "openapi-generator-config.yml"; sourceTree = "<group>"; };
		4CFC91FF2C59AB75005AFAA5 /* openapi.yaml */ = {isa = PBXFileReference; lastKnownFileType = text.yaml; path = openapi.yaml; sourceTree = "<group>"; };
/* End PBXFileReference section */

/* Begin PBXFrameworksBuildPhase section */
		4C76911D2BECEA1300C66FDC /* Frameworks */ = {
			isa = PBXFrameworksBuildPhase;
			buildActionMask = 2147483647;
			files = (
				4CFC91FB2C59AAB1005AFAA5 /* OpenAPIURLSession in Frameworks */,
				4CFC91F82C59AA7E005AFAA5 /* OpenAPIRuntime in Frameworks */,
			);
			runOnlyForDeploymentPostprocessing = 0;
		};
/* End PBXFrameworksBuildPhase section */

/* Begin PBXGroup section */
		0497A95E2C6BFD40008A5D7F /* FancyToast */ = {
			isa = PBXGroup;
			children = (
				0497A95F2C6BFD4B008A5D7F /* FancyToastView.swift */,
				0497A9602C6BFD60008A5D7F /* FancyToastStyle.swift */,
				0497A9612C6BFD66008A5D7F /* FancyToastModifier.swift */,
			);
			path = FancyToast;
			sourceTree = "<group>";
		};
		04DB3CB02EC9F70C004AF6BC /* en.lproj */ = {
			isa = PBXGroup;
			children = (
				04DB3CAF2EC9F70C004AF6BC /* Localizable.strings */,
			);
			path = en.lproj;
			sourceTree = "<group>";
		};
		04DB3CB62EC9F71B004AF6BC /* ru.lproj */ = {
			isa = PBXGroup;
			children = (
				04DB3CB52EC9F71B004AF6BC /* Localizable.strings */,
			);
			path = ru.lproj;
			sourceTree = "<group>";
		};
		04DB3CC62ECB9A60004AF6BC /* uk.lproj */ = {
			isa = PBXGroup;
			children = (
				04DB3CC52ECB9A60004AF6BC /* Localizable.strings */,
			);
			path = uk.lproj;
			sourceTree = "<group>";
		};
		4C3F9EB32C148DB200EA807C /* Adv */ = {
			isa = PBXGroup;
			children = (
				04BC33082C95DE5E004D8E65 /* advHTMLTextView.swift */,
				4C99F3772C02660C00879594 /* advExcerpt.swift */,
				4C99F3792C0266C900879594 /* advGlobals.swift */,
				4C749DFC2C149EF800CF4234 /* advCornerRadius.swift */,
				4C3F9EB42C148DCD00EA807C /* advElements.swift */,
				4C99F3732C023F4300879594 /* advAudioManager.swift */,
				4C99F3752C023FD400879594 /* advUtility.swift */,
				4C749E062C1A133800CF4234 /* advExtensions.swift */,
				4C749E0C2C1F690100CF4234 /* advSettings.swift */,
			);
			path = Adv;
			sourceTree = "<group>";
		};
		4C3F9EB62C148EA200EA807C /* Pages */ = {
			isa = PBXGroup;
			children = (
				046B5DB92EF8970E00653FA8 /* MultilingualConfigSheet.swift */,
				046B5DBA2EF8970E00653FA8 /* PageMultilingualView.swift */,
				4C7691252BECEA1300C66FDC /* PageMainView.swift */,
				047B3BC62BEEBADD009DEC11 /* PageReadView.swift */,
				047B3BC82BEEC1C0009DEC11 /* PageSelectView.swift */,
				4CA026FF2EA43D4E004A6FD1 /* PageProgressView.swift */,
				4C749E082C1D804A00CF4234 /* PageSetupView.swift */,
				4C749E0A2C1E1FC000CF4234 /* PageContactsView.swift */,
			);
			path = Pages;
			sourceTree = "<group>";
		};
		4C749DFE2C14ABC000CF4234 /* Models */ = {
			isa = PBXGroup;
			children = (
				046B5DBF2EF905AE00653FA8 /* MultilingualRead.swift */,
				4C749DFF2C14ABD100CF4234 /* Bible */,
			);
			path = Models;
			sourceTree = "<group>";
		};
		4C749DFF2C14ABD100CF4234 /* Bible */ = {
			isa = PBXGroup;
			children = (
				4C749E002C14ABE700CF4234 /* typeBible.swift */,
				4C749E042C14AC1500CF4234 /* advBible.swift */,
			);
			path = Bible;
			sourceTree = "<group>";
		};
		4C7691172BECEA1300C66FDC = {
			isa = PBXGroup;
			children = (
				0458F53C2CCE0AA20016C65F /* LaunchScreen.storyboard */,
				4C7691222BECEA1300C66FDC /* BiblePause */,
				0497A9592C6AC3EC008A5D7F /* .gitignore */,
				4CFC91F02C59A844005AFAA5 /* readme.md */,
				0497A95E2C6BFD40008A5D7F /* FancyToast */,
				4C7691212BECEA1300C66FDC /* Products */,
			);
			sourceTree = "<group>";
		};
		4C7691212BECEA1300C66FDC /* Products */ = {
			isa = PBXGroup;
			children = (
				4C7691202BECEA1300C66FDC /* BiblePause.app */,
			);
			name = Products;
			sourceTree = "<group>";
		};
		4C7691222BECEA1300C66FDC /* BiblePause */ = {
			isa = PBXGroup;
			children = (
				04DB3CC62ECB9A60004AF6BC /* uk.lproj */,
				04DB3CB62EC9F71B004AF6BC /* ru.lproj */,
				04DB3CB02EC9F70C004AF6BC /* en.lproj */,
				04DB3CA62EC9F5D4004AF6BC /* LocalizationManager.swift */,
				0458F54B2CCE111F0016C65F /* Info.plist */,
				047B3BC42BEEB626009DEC11 /* SkeletonView.swift */,
				4C620B7D2E9B0123004BF2CB /* Config.swift */,
				4C620B6E2E9B0091004BF2CB /* Configuration.plist */,
				4C620B722E9B00A3004BF2CB /* Configuration.plist.example */,
				4CFC91FF2C59AB75005AFAA5 /* openapi.yaml */,
				4CFC91FE2C59AB26005AFAA5 /* openapi-generator-config.yml */,
				4C141A032BED275000412C60 /* MenuView.swift */,
				4C7691232BECEA1300C66FDC /* BiblePauseApp.swift */,
				04BC330D2C95F3B6004D8E65 /* AppDelegate.swift */,
				4C3F9EB62C148EA200EA807C /* Pages */,
				4C3F9EB32C148DB200EA807C /* Adv */,
				4C749DFE2C14ABC000CF4234 /* Models */,
				4C7691272BECEA1800C66FDC /* Assets.xcassets */,
				4C7691292BECEA1800C66FDC /* Preview Content */,
			);
			path = BiblePause;
			sourceTree = "<group>";
		};
		4C7691292BECEA1800C66FDC /* Preview Content */ = {
			isa = PBXGroup;
			children = (
				4C76912A2BECEA1800C66FDC /* Preview Assets.xcassets */,
			);
			path = "Preview Content";
			sourceTree = "<group>";
		};
/* End PBXGroup section */

/* Begin PBXNativeTarget section */
		4C76911F2BECEA1300C66FDC /* BiblePause */ = {
			isa = PBXNativeTarget;
			buildConfigurationList = 4C76912E2BECEA1800C66FDC /* Build configuration list for PBXNativeTarget "BiblePause" */;
			buildPhases = (
				4C76911C2BECEA1300C66FDC /* Sources */,
				4C76911D2BECEA1300C66FDC /* Frameworks */,
				4C76911E2BECEA1300C66FDC /* Resources */,
			);
			buildRules = (
			);
			dependencies = (
				4CFC92182C59B4D7005AFAA5 /* PBXTargetDependency */,
			);
			name = BiblePause;
			productName = BiblePause;
			productReference = 4C7691202BECEA1300C66FDC /* BiblePause.app */;
			productType = "com.apple.product-type.application";
		};
/* End PBXNativeTarget section */

/* Begin PBXProject section */
		4C7691182BECEA1300C66FDC /* Project object */ = {
			isa = PBXProject;
			attributes = {
				BuildIndependentTargetsInParallel = 1;
				LastSwiftUpdateCheck = 1530;
				LastUpgradeCheck = 1530;
				TargetAttributes = {
					4C76911F2BECEA1300C66FDC = {
						CreatedOnToolsVersion = 15.3;
					};
				};
			};
			buildConfigurationList = 4C76911B2BECEA1300C66FDC /* Build configuration list for PBXProject "BiblePause" */;
			compatibilityVersion = "Xcode 14.0";
			developmentRegion = en;
			hasScannedForEncodings = 0;
			knownRegions = (
				en,
				Base,
				ru,
				uk,
			);
			mainGroup = 4C7691172BECEA1300C66FDC;
			packageReferences = (
				4CFC91F62C59AA7E005AFAA5 /* XCRemoteSwiftPackageReference "swift-openapi-runtime" */,
				4CFC91F92C59AAB1005AFAA5 /* XCRemoteSwiftPackageReference "swift-openapi-urlsession" */,
				4CFC92162C59B479005AFAA5 /* XCRemoteSwiftPackageReference "swift-openapi-generator" */,
			);
			productRefGroup = 4C7691212BECEA1300C66FDC /* Products */;
			projectDirPath = "";
			projectRoot = "";
			targets = (
				4C76911F2BECEA1300C66FDC /* BiblePause */,
			);
		};
/* End PBXProject section */

/* Begin PBXResourcesBuildPhase section */
		4C76911E2BECEA1300C66FDC /* Resources */ = {
			isa = PBXResourcesBuildPhase;
			buildActionMask = 2147483647;
			files = (
				0458F5472CCE0FE20016C65F /* LaunchScreen.storyboard in Resources */,
				4C76912B2BECEA1800C66FDC /* Preview Assets.xcassets in Resources */,
				4C620B6F2E9B0091004BF2CB /* Configuration.plist in Resources */,
				04DB3CB12EC9F70C004AF6BC /* Localizable.strings in Resources */,
				04DB3CC72ECB9A60004AF6BC /* Localizable.strings in Resources */,
				4CFC92002C59AB7B005AFAA5 /* openapi.yaml in Resources */,
				04DB3CB72EC9F71B004AF6BC /* Localizable.strings in Resources */,
				4C620B732E9B00A3004BF2CB /* Configuration.plist.example in Resources */,
				4C7691282BECEA1800C66FDC /* Assets.xcassets in Resources */,
			);
			runOnlyForDeploymentPostprocessing = 0;
		};
/* End PBXResourcesBuildPhase section */

/* Begin PBXSourcesBuildPhase section */
		4C76911C2BECEA1300C66FDC /* Sources */ = {
			isa = PBXSourcesBuildPhase;
			buildActionMask = 2147483647;
			files = (
				0497A9652C6BFEA6008A5D7F /* FancyToastView.swift in Sources */,
				0497A9662C6BFEA6008A5D7F /* FancyToastStyle.swift in Sources */,
				4CA027002EA43D4E004A6FD1 /* PageProgressView.swift in Sources */,
				0497A9672C6BFEA6008A5D7F /* FancyToastModifier.swift in Sources */,
				4CFC921B2C5E9ED0005AFAA5 /* openapi-generator-config.yml in Sources */,
				4C7691262BECEA1300C66FDC /* PageMainView.swift in Sources */,
				047B3BC52BEEB626009DEC11 /* SkeletonView.swift in Sources */,
				4C749E0B2C1E1FC000CF4234 /* PageContactsView.swift in Sources */,
				4C99F37A2C0266C900879594 /* advGlobals.swift in Sources */,
				4C749E052C14AC1500CF4234 /* advBible.swift in Sources */,
				04DB3CA72EC9F5D4004AF6BC /* LocalizationManager.swift in Sources */,
				4C99F3762C023FD400879594 /* advUtility.swift in Sources */,
				4C99F3742C023F4300879594 /* advAudioManager.swift in Sources */,
				4C141A042BED275000412C60 /* MenuView.swift in Sources */,
				4C749E012C14ABE700CF4234 /* typeBible.swift in Sources */,
				04BC330E2C95F3BB004D8E65 /* AppDelegate.swift in Sources */,
				4C99F3782C02660C00879594 /* advExcerpt.swift in Sources */,
				4C749E0D2C1F690100CF4234 /* advSettings.swift in Sources */,
				4C749E072C1A133800CF4234 /* advExtensions.swift in Sources */,
				4C749E092C1D804A00CF4234 /* PageSetupView.swift in Sources */,
				4C620B7E2E9B0123004BF2CB /* Config.swift in Sources */,
				04BC33092C95DE5E004D8E65 /* advHTMLTextView.swift in Sources */,
				046B5DC02EF905AE00653FA8 /* MultilingualRead.swift in Sources */,
				047B3BC92BEEC1C0009DEC11 /* PageSelectView.swift in Sources */,
				4C7691242BECEA1300C66FDC /* BiblePauseApp.swift in Sources */,
				4C3F9EB52C148DCD00EA807C /* advElements.swift in Sources */,
				4C749DFD2C149EF800CF4234 /* advCornerRadius.swift in Sources */,
				046B5DBB2EF8970E00653FA8 /* MultilingualConfigSheet.swift in Sources */,
				046B5DBC2EF8970E00653FA8 /* PageMultilingualView.swift in Sources */,
				047B3BC72BEEBADD009DEC11 /* PageReadView.swift in Sources */,
			);
			runOnlyForDeploymentPostprocessing = 0;
		};
/* End PBXSourcesBuildPhase section */

/* Begin PBXTargetDependency section */
		4CFC92182C59B4D7005AFAA5 /* PBXTargetDependency */ = {
			isa = PBXTargetDependency;
			productRef = 4CFC92172C59B4D7005AFAA5 /* OpenAPIGenerator */;
		};
/* End PBXTargetDependency section */

/* Begin PBXVariantGroup section */
		04DB3CAF2EC9F70C004AF6BC /* Localizable.strings */ = {
			isa = PBXVariantGroup;
			children = (
				04DB3CAE2EC9F70C004AF6BC /* en */,
			);
			name = Localizable.strings;
			sourceTree = "<group>";
		};
		04DB3CB52EC9F71B004AF6BC /* Localizable.strings */ = {
			isa = PBXVariantGroup;
			children = (
				04DB3CB42EC9F71B004AF6BC /* ru */,
			);
			name = Localizable.strings;
			sourceTree = "<group>";
		};
		04DB3CC52ECB9A60004AF6BC /* Localizable.strings */ = {
			isa = PBXVariantGroup;
			children = (
				04DB3CC42ECB9A60004AF6BC /* uk */,
			);
			name = Localizable.strings;
			sourceTree = "<group>";
		};
/* End PBXVariantGroup section */

/* Begin XCBuildConfiguration section */
		4C76912C2BECEA1800C66FDC /* Debug */ = {
			isa = XCBuildConfiguration;
			buildSettings = {
				ALWAYS_SEARCH_USER_PATHS = NO;
				ASSETCATALOG_COMPILER_GENERATE_SWIFT_ASSET_SYMBOL_EXTENSIONS = YES;
				CLANG_ANALYZER_NONNULL = YES;
				CLANG_ANALYZER_NUMBER_OBJECT_CONVERSION = YES_AGGRESSIVE;
				CLANG_CXX_LANGUAGE_STANDARD = "gnu++20";
				CLANG_ENABLE_MODULES = YES;
				CLANG_ENABLE_OBJC_ARC = YES;
				CLANG_ENABLE_OBJC_WEAK = YES;
				CLANG_WARN_BLOCK_CAPTURE_AUTORELEASING = YES;
				CLANG_WARN_BOOL_CONVERSION = YES;
				CLANG_WARN_COMMA = YES;
				CLANG_WARN_CONSTANT_CONVERSION = YES;
				CLANG_WARN_DEPRECATED_OBJC_IMPLEMENTATIONS = YES;
				CLANG_WARN_DIRECT_OBJC_ISA_USAGE = YES_ERROR;
				CLANG_WARN_DOCUMENTATION_COMMENTS = YES;
				CLANG_WARN_EMPTY_BODY = YES;
				CLANG_WARN_ENUM_CONVERSION = YES;
				CLANG_WARN_INFINITE_RECURSION = YES;
				CLANG_WARN_INT_CONVERSION = YES;
				CLANG_WARN_NON_LITERAL_NULL_CONVERSION = YES;
				CLANG_WARN_OBJC_IMPLICIT_RETAIN_SELF = YES;
				CLANG_WARN_OBJC_LITERAL_CONVERSION = YES;
				CLANG_WARN_OBJC_ROOT_CLASS = YES_ERROR;
				CLANG_WARN_QUOTED_INCLUDE_IN_FRAMEWORK_HEADER = YES;
				CLANG_WARN_RANGE_LOOP_ANALYSIS = YES;
				CLANG_WARN_STRICT_PROTOTYPES = YES;
				CLANG_WARN_SUSPICIOUS_MOVE = YES;
				CLANG_WARN_UNGUARDED_AVAILABILITY = YES_AGGRESSIVE;
				CLANG_WARN_UNREACHABLE_CODE = YES;
				CLANG_WARN__DUPLICATE_METHOD_MATCH = YES;
				COPY_PHASE_STRIP = NO;
				DEBUG_INFORMATION_FORMAT = dwarf;
				ENABLE_STRICT_OBJC_MSGSEND = YES;
				ENABLE_TESTABILITY = YES;
				ENABLE_USER_SCRIPT_SANDBOXING = YES;
				GCC_C_LANGUAGE_STANDARD = gnu17;
				GCC_DYNAMIC_NO_PIC = NO;
				GCC_NO_COMMON_BLOCKS = YES;
				GCC_OPTIMIZATION_LEVEL = 0;
				GCC_PREPROCESSOR_DEFINITIONS = (
					"DEBUG=1",
					"$(inherited)",
				);
				GCC_WARN_64_TO_32_BIT_CONVERSION = YES;
				GCC_WARN_ABOUT_RETURN_TYPE = YES_ERROR;
				GCC_WARN_UNDECLARED_SELECTOR = YES;
				GCC_WARN_UNINITIALIZED_AUTOS = YES_AGGRESSIVE;
				GCC_WARN_UNUSED_FUNCTION = YES;
				GCC_WARN_UNUSED_VARIABLE = YES;
				IPHONEOS_DEPLOYMENT_TARGET = 17.4;
				LOCALIZATION_PREFERS_STRING_CATALOGS = YES;
				MTL_ENABLE_DEBUG_INFO = INCLUDE_SOURCE;
				MTL_FAST_MATH = YES;
				ONLY_ACTIVE_ARCH = YES;
				SDKROOT = iphoneos;
				SWIFT_ACTIVE_COMPILATION_CONDITIONS = "DEBUG $(inherited)";
				SWIFT_OPTIMIZATION_LEVEL = "-Onone";
			};
			name = Debug;
		};
		4C76912D2BECEA1800C66FDC /* Release */ = {
			isa = XCBuildConfiguration;
			buildSettings = {
				ALWAYS_SEARCH_USER_PATHS = NO;
				ASSETCATALOG_COMPILER_GENERATE_SWIFT_ASSET_SYMBOL_EXTENSIONS = YES;
				CLANG_ANALYZER_NONNULL = YES;
				CLANG_ANALYZER_NUMBER_OBJECT_CONVERSION = YES_AGGRESSIVE;
				CLANG_CXX_LANGUAGE_STANDARD = "gnu++20";
				CLANG_ENABLE_MODULES = YES;
				CLANG_ENABLE_OBJC_ARC = YES;
				CLANG_ENABLE_OBJC_WEAK = YES;
				CLANG_WARN_BLOCK_CAPTURE_AUTORELEASING = YES;
				CLANG_WARN_BOOL_CONVERSION = YES;
				CLANG_WARN_COMMA = YES;
				CLANG_WARN_CONSTANT_CONVERSION = YES;
				CLANG_WARN_DEPRECATED_OBJC_IMPLEMENTATIONS = YES;
				CLANG_WARN_DIRECT_OBJC_ISA_USAGE = YES_ERROR;
				CLANG_WARN_DOCUMENTATION_COMMENTS = YES;
				CLANG_WARN_EMPTY_BODY = YES;
				CLANG_WARN_ENUM_CONVERSION = YES;
				CLANG_WARN_INFINITE_RECURSION = YES;
				CLANG_WARN_INT_CONVERSION = YES;
				CLANG_WARN_NON_LITERAL_NULL_CONVERSION = YES;
				CLANG_WARN_OBJC_IMPLICIT_RETAIN_SELF = YES;
				CLANG_WARN_OBJC_LITERAL_CONVERSION = YES;
				CLANG_WARN_OBJC_ROOT_CLASS = YES_ERROR;
				CLANG_WARN_QUOTED_INCLUDE_IN_FRAMEWORK_HEADER = YES;
				CLANG_WARN_RANGE_LOOP_ANALYSIS = YES;
				CLANG_WARN_STRICT_PROTOTYPES = YES;
				CLANG_WARN_SUSPICIOUS_MOVE = YES;
				CLANG_WARN_UNGUARDED_AVAILABILITY = YES_AGGRESSIVE;
				CLANG_WARN_UNREACHABLE_CODE = YES;
				CLANG_WARN__DUPLICATE_METHOD_MATCH = YES;
				COPY_PHASE_STRIP = NO;
				DEBUG_INFORMATION_FORMAT = "dwarf-with-dsym";
				ENABLE_NS_ASSERTIONS = NO;
				ENABLE_STRICT_OBJC_MSGSEND = YES;
				ENABLE_USER_SCRIPT_SANDBOXING = YES;
				GCC_C_LANGUAGE_STANDARD = gnu17;
				GCC_NO_COMMON_BLOCKS = YES;
				GCC_WARN_64_TO_32_BIT_CONVERSION = YES;
				GCC_WARN_ABOUT_RETURN_TYPE = YES_ERROR;
				GCC_WARN_UNDECLARED_SELECTOR = YES;
				GCC_WARN_UNINITIALIZED_AUTOS = YES_AGGRESSIVE;
				GCC_WARN_UNUSED_FUNCTION = YES;
				GCC_WARN_UNUSED_VARIABLE = YES;
				IPHONEOS_DEPLOYMENT_TARGET = 17.4;
				LOCALIZATION_PREFERS_STRING_CATALOGS = YES;
				MTL_ENABLE_DEBUG_INFO = NO;
				MTL_FAST_MATH = YES;
				SDKROOT = iphoneos;
				SWIFT_COMPILATION_MODE = wholemodule;
				VALIDATE_PRODUCT = YES;
			};
			name = Release;
		};
		4C76912F2BECEA1800C66FDC /* Debug */ = {
			isa = XCBuildConfiguration;
			buildSettings = {
				ASSETCATALOG_COMPILER_APPICON_NAME = AppIcon;
				ASSETCATALOG_COMPILER_GLOBAL_ACCENT_COLOR_NAME = AccentColor;
				ASSETCATALOG_COMPILER_INCLUDE_ALL_APPICON_ASSETS = NO;
				CODE_SIGN_IDENTITY = "Apple Development";
				CODE_SIGN_STYLE = Automatic;
				CURRENT_PROJECT_VERSION = 1;
				DEVELOPMENT_ASSET_PATHS = "\"BiblePause/Preview Content\"";
				DEVELOPMENT_TEAM = 4SC2JCE37N;
				ENABLE_PREVIEWS = YES;
				GENERATE_INFOPLIST_FILE = YES;
				INFOPLIST_FILE = BiblePause/Info.plist;
				INFOPLIST_KEY_CFBundleDisplayName = "Bible 💚";
				INFOPLIST_KEY_LSApplicationCategoryType = "public.app-category.books";
				INFOPLIST_KEY_UIApplicationSceneManifest_Generation = YES;
				INFOPLIST_KEY_UIApplicationSupportsIndirectInputEvents = YES;
				INFOPLIST_KEY_UILaunchStoryboardName = LaunchScreen;
				INFOPLIST_KEY_UISupportedInterfaceOrientations_iPad = "UIInterfaceOrientationPortrait UIInterfaceOrientationPortraitUpsideDown UIInterfaceOrientationLandscapeLeft UIInterfaceOrientationLandscapeRight";
				INFOPLIST_KEY_UISupportedInterfaceOrientations_iPhone = "UIInterfaceOrientationPortrait UIInterfaceOrientationLandscapeLeft UIInterfaceOrientationLandscapeRight";
				LD_RUNPATH_SEARCH_PATHS = (
					"$(inherited)",
					"@executable_path/Frameworks",
				);
				MARKETING_VERSION = 1.0;
				PRODUCT_BUNDLE_IDENTIFIER = BiblePause;
				PRODUCT_NAME = "$(TARGET_NAME)";
				PROVISIONING_PROFILE_SPECIFIER = "";
				SDKROOT = iphoneos;
				SUPPORTED_PLATFORMS = "iphonesimulator iphoneos";
				SWIFT_EMIT_LOC_STRINGS = YES;
				SWIFT_VERSION = 5.0;
				TARGETED_DEVICE_FAMILY = "1,2";
			};
			name = Debug;
		};
		4C7691302BECEA1800C66FDC /* Release */ = {
			isa = XCBuildConfiguration;
			buildSettings = {
				ASSETCATALOG_COMPILER_APPICON_NAME = AppIcon;
				ASSETCATALOG_COMPILER_GLOBAL_ACCENT_COLOR_NAME = AccentColor;
				ASSETCATALOG_COMPILER_INCLUDE_ALL_APPICON_ASSETS = NO;
				CODE_SIGN_IDENTITY = "Apple Development";
				CODE_SIGN_STYLE = Automatic;
				CURRENT_PROJECT_VERSION = 1;
				DEVELOPMENT_ASSET_PATHS = "\"BiblePause/Preview Content\"";
				DEVELOPMENT_TEAM = 4SC2JCE37N;
				ENABLE_PREVIEWS = YES;
				GENERATE_INFOPLIST_FILE = YES;
				INFOPLIST_FILE = BiblePause/Info.plist;
				INFOPLIST_KEY_CFBundleDisplayName = "Bible 💚";
				INFOPLIST_KEY_LSApplicationCategoryType = "public.app-category.books";
				INFOPLIST_KEY_UIApplicationSceneManifest_Generation = YES;
				INFOPLIST_KEY_UIApplicationSupportsIndirectInputEvents = YES;
				INFOPLIST_KEY_UILaunchStoryboardName = LaunchScreen;
				INFOPLIST_KEY_UISupportedInterfaceOrientations_iPad = "UIInterfaceOrientationPortrait UIInterfaceOrientationPortraitUpsideDown UIInterfaceOrientationLandscapeLeft UIInterfaceOrientationLandscapeRight";
				INFOPLIST_KEY_UISupportedInterfaceOrientations_iPhone = "UIInterfaceOrientationPortrait UIInterfaceOrientationLandscapeLeft UIInterfaceOrientationLandscapeRight";
				LD_RUNPATH_SEARCH_PATHS = (
					"$(inherited)",
					"@executable_path/Frameworks",
				);
				MARKETING_VERSION = 1.0;
				PRODUCT_BUNDLE_IDENTIFIER = BiblePause;
				PRODUCT_NAME = "$(TARGET_NAME)";
				PROVISIONING_PROFILE_SPECIFIER = "";
				SDKROOT = iphoneos;
				SUPPORTED_PLATFORMS = "iphonesimulator iphoneos";
				SWIFT_EMIT_LOC_STRINGS = YES;
				SWIFT_VERSION = 5.0;
				TARGETED_DEVICE_FAMILY = "1,2";
			};
			name = Release;
		};
/* End XCBuildConfiguration section */

/* Begin XCConfigurationList section */
		4C76911B2BECEA1300C66FDC /* Build configuration list for PBXProject "BiblePause" */ = {
			isa = XCConfigurationList;
			buildConfigurations = (
				4C76912C2BECEA1800C66FDC /* Debug */,
				4C76912D2BECEA1800C66FDC /* Release */,
			);
			defaultConfigurationIsVisible = 0;
			defaultConfigurationName = Release;
		};
		4C76912E2BECEA1800C66FDC /* Build configuration list for PBXNativeTarget "BiblePause" */ = {
			isa = XCConfigurationList;
			buildConfigurations = (
				4C76912F2BECEA1800C66FDC /* Debug */,
				4C7691302BECEA1800C66FDC /* Release */,
			);
			defaultConfigurationIsVisible = 0;
			defaultConfigurationName = Release;
		};
/* End XCConfigurationList section */

/* Begin XCRemoteSwiftPackageReference section */
		4CFC91F62C59AA7E005AFAA5 /* XCRemoteSwiftPackageReference "swift-openapi-runtime" */ = {
			isa = XCRemoteSwiftPackageReference;
			repositoryURL = "https://github.com/apple/swift-openapi-runtime";
			requirement = {
				kind = upToNextMinorVersion;
				minimumVersion = 1.5.0;
			};
		};
		4CFC91F92C59AAB1005AFAA5 /* XCRemoteSwiftPackageReference "swift-openapi-urlsession" */ = {
			isa = XCRemoteSwiftPackageReference;
			repositoryURL = "https://github.com/apple/swift-openapi-urlsession";
			requirement = {
				kind = upToNextMinorVersion;
				minimumVersion = 1.0.2;
			};
		};
		4CFC92162C59B479005AFAA5 /* XCRemoteSwiftPackageReference "swift-openapi-generator" */ = {
			isa = XCRemoteSwiftPackageReference;
			repositoryURL = "https://github.com/apple/swift-openapi-generator";
			requirement = {
				kind = upToNextMinorVersion;
				minimumVersion = 1.3.0;
			};
		};
/* End XCRemoteSwiftPackageReference section */

/* Begin XCSwiftPackageProductDependency section */
		4CFC91F72C59AA7E005AFAA5 /* OpenAPIRuntime */ = {
			isa = XCSwiftPackageProductDependency;
			package = 4CFC91F62C59AA7E005AFAA5 /* XCRemoteSwiftPackageReference "swift-openapi-runtime" */;
			productName = OpenAPIRuntime;
		};
		4CFC91FA2C59AAB1005AFAA5 /* OpenAPIURLSession */ = {
			isa = XCSwiftPackageProductDependency;
			package = 4CFC91F92C59AAB1005AFAA5 /* XCRemoteSwiftPackageReference "swift-openapi-urlsession" */;
			productName = OpenAPIURLSession;
		};
		4CFC92172C59B4D7005AFAA5 /* OpenAPIGenerator */ = {
			isa = XCSwiftPackageProductDependency;
			package = 4CFC92162C59B479005AFAA5 /* XCRemoteSwiftPackageReference "swift-openapi-generator" */;
			productName = "plugin:OpenAPIGenerator";
		};
/* End XCSwiftPackageProductDependency section */
	};
	rootObject = 4C7691182BECEA1300C66FDC /* Project object */;
}
